
Microsoft Visual Studio Solution File, Format Version 12.00
# Visual Studio Version 17
VisualStudioVersion = 17.9.34616.47
MinimumVisualStudioVersion = 10.0.40219.1
Project("{8BC9CEB8-8B4A-11D0-8D11-00A0C91BC942}") = "circuralqueues", "circuralqueues\circuralqueues.vcxproj", "{6E28FF82-F75E-4483-8FD0-D4C85708B225}"
EndProject
Global
	GlobalSection(SolutionConfigurationPlatforms) = preSolution
		Debug|x64 = Debug|x64
		Debug|x86 = Debug|x86
		Release|x64 = Release|x64
		Release|x86 = Release|x86
	EndGlobalSection
	GlobalSection(ProjectConfigurationPlatforms) = postSolution
		{6E28FF82-F75E-4483-8FD0-D4C85708B225}.Debug|x64.ActiveCfg = Debug|x64
		{6E28FF82-F75E-4483-8FD0-D4C85708B225}.Debug|x64.Build.0 = Debug|x64
		{6E28FF82-F75E-4483-8FD0-D4C85708B225}.Debug|x86.ActiveCfg = Debug|Win32
		{6E28FF82-F75E-4483-8FD0-D4C85708B225}.Debug|x86.Build.0 = Debug|Win32
		{6E28FF82-F75E-4483-8FD0-D4C85708B225}.Release|x64.ActiveCfg = Release|x64
		{6E28FF82-F75E-4483-8FD0-D4C85708B225}.Release|x64.Build.0 = Release|x64
		{6E28FF82-F75E-4483-8FD0-D4C85708B225}.Release|x86.ActiveCfg = Release|Win32
		{6E28FF82-F75E-4483-8FD0-D4C85708B225}.Release|x86.Build.0 = Release|Win32
	EndGlobalSection
	GlobalSection(SolutionProperties) = preSolution
		HideSolutionNode = FALSE
	EndGlobalSection
	GlobalSection(ExtensibilityGlobals) = postSolution
		SolutionGuid = {4D67DFB4-950E-44C3-9DAC-641ED2F32665}
	EndGlobalSection
EndGlobal
